// !$*UTF8*$!
{
	archiveVersion = 1;
	classes = {
	};
	objectVersion = 46;
	objects = {

/* Begin PBXBuildFile section */
		F37C89D1152759AE00B2D545 /* UIKit.framework in Frameworks */ = {isa = PBXBuildFile; fileRef = F37C89D0152759AE00B2D545 /* UIKit.framework */; };
		F37C89D3152759AE00B2D545 /* Foundation.framework in Frameworks */ = {isa = PBXBuildFile; fileRef = F37C89D2152759AE00B2D545 /* Foundation.framework */; };
		F37C89D5152759AE00B2D545 /* CoreGraphics.framework in Frameworks */ = {isa = PBXBuildFile; fileRef = F37C89D4152759AE00B2D545 /* CoreGraphics.framework */; };
		F37C89DB152759AE00B2D545 /* InfoPlist.strings in Resources */ = {isa = PBXBuildFile; fileRef = F37C89D9152759AE00B2D545 /* InfoPlist.strings */; };
		F37C89DD152759AE00B2D545 /* main.m in Sources */ = {isa = PBXBuildFile; fileRef = F37C89DC152759AE00B2D545 /* main.m */; };
		F37C89E1152759AE00B2D545 /* AppDelegate.m in Sources */ = {isa = PBXBuildFile; fileRef = F37C89E0152759AE00B2D545 /* AppDelegate.m */; };
		F37C89E4152759AE00B2D545 /* ViewController.m in Sources */ = {isa = PBXBuildFile; fileRef = F37C89E3152759AE00B2D545 /* ViewController.m */; };
		F37C89E7152759AE00B2D545 /* ViewController.xib in Resources */ = {isa = PBXBuildFile; fileRef = F37C89E5152759AE00B2D545 /* ViewController.xib */; };
		F37C89F3152759E800B2D545 /* SlidingTabsTab.m in Sources */ = {isa = PBXBuildFile; fileRef = F37C89F2152759E800B2D545 /* SlidingTabsTab.m */; };
		F37C89F6152759F600B2D545 /* SlidingTabsControl.m in Sources */ = {isa = PBXBuildFile; fileRef = F37C89F5152759F600B2D545 /* SlidingTabsControl.m */; };
/* End PBXBuildFile section */

/* Begin PBXFileReference section */
		F37C89CC152759AE00B2D545 /* CustomTabBarController.app */ = {isa = PBXFileReference; explicitFileType = wrapper.application; includeInIndex = 0; path = CustomTabBarController.app; sourceTree = BUILT_PRODUCTS_DIR; };
		F37C89D0152759AE00B2D545 /* UIKit.framework */ = {isa = PBXFileReference; lastKnownFileType = wrapper.framework; name = UIKit.framework; path = System/Library/Frameworks/UIKit.framework; sourceTree = SDKROOT; };
		F37C89D2152759AE00B2D545 /* Foundation.framework */ = {isa = PBXFileReference; lastKnownFileType = wrapper.framework; name = Foundation.framework; path = System/Library/Frameworks/Foundation.framework; sourceTree = SDKROOT; };
		F37C89D4152759AE00B2D545 /* CoreGraphics.framework */ = {isa = PBXFileReference; lastKnownFileType = wrapper.framework; name = CoreGraphics.framework; path = System/Library/Frameworks/CoreGraphics.framework; sourceTree = SDKROOT; };
		F37C89D8152759AE00B2D545 /* CustomTabBarController-Info.plist */ = {isa = PBXFileReference; lastKnownFileType = text.plist.xml; path = "CustomTabBarController-Info.plist"; sourceTree = "<group>"; };
		F37C89DA152759AE00B2D545 /* en */ = {isa = PBXFileReference; lastKnownFileType = text.plist.strings; name = en; path = en.lproj/InfoPlist.strings; sourceTree = "<group>"; };
		F37C89DC152759AE00B2D545 /* main.m */ = {isa = PBXFileReference; lastKnownFileType = sourcecode.c.objc; path = main.m; sourceTree = "<group>"; };
		F37C89DE152759AE00B2D545 /* CustomTabBarController-Prefix.pch */ = {isa = PBXFileReference; lastKnownFileType = sourcecode.c.h; path = "CustomTabBarController-Prefix.pch"; sourceTree = "<group>"; };
		F37C89DF152759AE00B2D545 /* AppDelegate.h */ = {isa = PBXFileReference; lastKnownFileType = sourcecode.c.h; path = AppDelegate.h; sourceTree = "<group>"; };
		F37C89E0152759AE00B2D545 /* AppDelegate.m */ = {isa = PBXFileReference; lastKnownFileType = sourcecode.c.objc; path = AppDelegate.m; sourceTree = "<group>"; };
		F37C89E2152759AE00B2D545 /* ViewController.h */ = {isa = PBXFileReference; lastKnownFileType = sourcecode.c.h; path = ViewController.h; sourceTree = "<group>"; };
		F37C89E3152759AE00B2D545 /* ViewController.m */ = {isa = PBXFileReference; lastKnownFileType = sourcecode.c.objc; path = ViewController.m; sourceTree = "<group>"; };
		F37C89E6152759AE00B2D545 /* en */ = {isa = PBXFileReference; lastKnownFileType = file.xib; name = en; path = en.lproj/ViewController.xib; sourceTree = "<group>"; };
		F37C89F1152759E400B2D545 /* SlidingTabsTab.h */ = {isa = PBXFileReference; lastKnownFileType = sourcecode.c.h; path = SlidingTabsTab.h; sourceTree = "<group>"; };
		F37C89F2152759E800B2D545 /* SlidingTabsTab.m */ = {isa = PBXFileReference; fileEncoding = 4; lastKnownFileType = sourcecode.c.objc; path = SlidingTabsTab.m; sourceTree = "<group>"; };
		F37C89F4152759F100B2D545 /* SlidingTabsControl.h */ = {isa = PBXFileReference; lastKnownFileType = sourcecode.c.h; path = SlidingTabsControl.h; sourceTree = "<group>"; };
		F37C89F5152759F600B2D545 /* SlidingTabsControl.m */ = {isa = PBXFileReference; fileEncoding = 4; lastKnownFileType = sourcecode.c.objc; path = SlidingTabsControl.m; sourceTree = "<group>"; };
/* End PBXFileReference section */

/* Begin PBXFrameworksBuildPhase section */
		F37C89C9152759AE00B2D545 /* Frameworks */ = {
			isa = PBXFrameworksBuildPhase;
			buildActionMask = 2147483647;
			files = (
				F37C89D1152759AE00B2D545 /* UIKit.framework in Frameworks */,
				F37C89D3152759AE00B2D545 /* Foundation.framework in Frameworks */,
				F37C89D5152759AE00B2D545 /* CoreGraphics.framework in Frameworks */,
			);
			runOnlyForDeploymentPostprocessing = 0;
		};
/* End PBXFrameworksBuildPhase section */

/* Begin PBXGroup section */
		F37C89C1152759AE00B2D545 = {
			isa = PBXGroup;
			children = (
				F37C89D6152759AE00B2D545 /* CustomTabBarController */,
				F37C89CF152759AE00B2D545 /* Frameworks */,
				F37C89CD152759AE00B2D545 /* Products */,
			);
			sourceTree = "<group>";
		};
		F37C89CD152759AE00B2D545 /* Products */ = {
			isa = PBXGroup;
			children = (
				F37C89CC152759AE00B2D545 /* CustomTabBarController.app */,
			);
			name = Products;
			sourceTree = "<group>";
		};
		F37C89CF152759AE00B2D545 /* Frameworks */ = {
			isa = PBXGroup;
			children = (
				F37C89D0152759AE00B2D545 /* UIKit.framework */,
				F37C89D2152759AE00B2D545 /* Foundation.framework */,
				F37C89D4152759AE00B2D545 /* CoreGraphics.framework */,
			);
			name = Frameworks;
			sourceTree = "<group>";
		};
		F37C89D6152759AE00B2D545 /* CustomTabBarController */ = {
			isa = PBXGroup;
			children = (
				F37C89DF152759AE00B2D545 /* AppDelegate.h */,
				F37C89E0152759AE00B2D545 /* AppDelegate.m */,
				F37C89F4152759F100B2D545 /* SlidingTabsControl.h */,
				F37C89F5152759F600B2D545 /* SlidingTabsControl.m */,
				F37C89F1152759E400B2D545 /* SlidingTabsTab.h */,
				F37C89F2152759E800B2D545 /* SlidingTabsTab.m */,
				F37C89E2152759AE00B2D545 /* ViewController.h */,
				F37C89E3152759AE00B2D545 /* ViewController.m */,
				F37C89E5152759AE00B2D545 /* ViewController.xib */,
				F37C89D7152759AE00B2D545 /* Supporting Files */,
			);
			path = CustomTabBarController;
			sourceTree = "<group>";
		};
		F37C89D7152759AE00B2D545 /* Supporting Files */ = {
			isa = PBXGroup;
			children = (
				F37C89D8152759AE00B2D545 /* CustomTabBarController-Info.plist */,
				F37C89D9152759AE00B2D545 /* InfoPlist.strings */,
				F37C89DC152759AE00B2D545 /* main.m */,
				F37C89DE152759AE00B2D545 /* CustomTabBarController-Prefix.pch */,
			);
			name = "Supporting Files";
			sourceTree = "<group>";
		};
/* End PBXGroup section */

/* Begin PBXNativeTarget section */
		F37C89CB152759AE00B2D545 /* CustomTabBarController */ = {
			isa = PBXNativeTarget;
			buildConfigurationList = F37C89EA152759AE00B2D545 /* Build configuration list for PBXNativeTarget "CustomTabBarController" */;
			buildPhases = (
				F37C89C8152759AE00B2D545 /* Sources */,
				F37C89C9152759AE00B2D545 /* Frameworks */,
				F37C89CA152759AE00B2D545 /* Resources */,
			);
			buildRules = (
			);
			dependencies = (
			);
			name = CustomTabBarController;
			productName = CustomTabBarController;
			productReference = F37C89CC152759AE00B2D545 /* CustomTabBarController.app */;
			productType = "com.apple.product-type.application";
		};
/* End PBXNativeTarget section */

/* Begin PBXProject section */
		F37C89C3152759AE00B2D545 /* Project object */ = {
			isa = PBXProject;
			attributes = {
				LastUpgradeCheck = 0430;
				ORGANIZATIONNAME = xiao;
			};
			buildConfigurationList = F37C89C6152759AE00B2D545 /* Build configuration list for PBXProject "CustomTabBarController" */;
			compatibilityVersion = "Xcode 3.2";
			developmentRegion = English;
			hasScannedForEncodings = 0;
			knownRegions = (
				en,
			);
			mainGroup = F37C89C1152759AE00B2D545;
			productRefGroup = F37C89CD152759AE00B2D545 /* Products */;
			projectDirPath = "";
			projectRoot = "";
			targets = (
				F37C89CB152759AE00B2D545 /* CustomTabBarController */,
			);
		};
/* End PBXProject section */

/* Begin PBXResourcesBuildPhase section */
		F37C89CA152759AE00B2D545 /* Resources */ = {
			isa = PBXResourcesBuildPhase;
			buildActionMask = 2147483647;
			files = (
				F37C89DB152759AE00B2D545 /* InfoPlist.strings in Resources */,
				F37C89E7152759AE00B2D545 /* ViewController.xib in Resources */,
			);
			runOnlyForDeploymentPostprocessing = 0;
		};
/* End PBXResourcesBuildPhase section */

/* Begin PBXSourcesBuildPhase section */
		F37C89C8152759AE00B2D545 /* Sources */ = {
			isa = PBXSourcesBuildPhase;
			buildActionMask = 2147483647;
			files = (
				F37C89DD152759AE00B2D545 /* main.m in Sources */,
				F37C89E1152759AE00B2D545 /* AppDelegate.m in Sources */,
				F37C89E4152759AE00B2D545 /* ViewController.m in Sources */,
				F37C89F3152759E800B2D545 /* SlidingTabsTab.m in Sources */,
				F37C89F6152759F600B2D545 /* SlidingTabsControl.m in Sources */,
			);
			runOnlyForDeploymentPostprocessing = 0;
		};
/* End PBXSourcesBuildPhase section */

/* Begin PBXVariantGroup section */
		F37C89D9152759AE00B2D545 /* InfoPlist.strings */ = {
			isa = PBXVariantGroup;
			children = (
				F37C89DA152759AE00B2D545 /* en */,
			);
			name = InfoPlist.strings;
			sourceTree = "<group>";
		};
		F37C89E5152759AE00B2D545 /* ViewController.xib */ = {
			isa = PBXVariantGroup;
			children = (
				F37C89E6152759AE00B2D545 /* en */,
			);
			name = ViewController.xib;
			sourceTree = "<group>";
		};
/* End PBXVariantGroup section */

/* Begin XCBuildConfiguration section */
		F37C89E8152759AE00B2D545 /* Debug */ = {
			isa = XCBuildConfiguration;
			buildSettings = {
				ALWAYS_SEARCH_USER_PATHS = NO;
				ARCHS = "$(ARCHS_STANDARD_32_BIT)";
				"CODE_SIGN_IDENTITY[sdk=iphoneos*]" = "iPhone Developer";
				COPY_PHASE_STRIP = NO;
				GCC_C_LANGUAGE_STANDARD = gnu99;
				GCC_DYNAMIC_NO_PIC = NO;
				GCC_OPTIMIZATION_LEVEL = 0;
				GCC_PREPROCESSOR_DEFINITIONS = (
					"DEBUG=1",
					"$(inherited)",
				);
				GCC_SYMBOLS_PRIVATE_EXTERN = NO;
				GCC_VERSION = com.apple.compilers.llvm.clang.1_0;
				GCC_WARN_ABOUT_RETURN_TYPE = YES;
				GCC_WARN_UNINITIALIZED_AUTOS = YES;
				GCC_WARN_UNUSED_VARIABLE = YES;
				IPHONEOS_DEPLOYMENT_TARGET = 5.1;
				SDKROOT = iphoneos;
			};
			name = Debug;
		};
		F37C89E9152759AE00B2D545 /* Release */ = {
			isa = XCBuildConfiguration;
			buildSettings = {
				ALWAYS_SEARCH_USER_PATHS = NO;
				ARCHS = "$(ARCHS_STANDARD_32_BIT)";
				"CODE_SIGN_IDENTITY[sdk=iphoneos*]" = "iPhone Developer";
				COPY_PHASE_STRIP = YES;
				GCC_C_LANGUAGE_STANDARD = gnu99;
				GCC_VERSION = com.apple.compilers.llvm.clang.1_0;
				GCC_WARN_ABOUT_RETURN_TYPE = YES;
				GCC_WARN_UNINITIALIZED_AUTOS = YES;
				GCC_WARN_UNUSED_VARIABLE = YES;
				IPHONEOS_DEPLOYMENT_TARGET = 5.1;
				OTHER_CFLAGS = "-DNS_BLOCK_ASSERTIONS=1";
				SDKROOT = iphoneos;
				VALIDATE_PRODUCT = YES;
			};
			name = Release;
		};
		F37C89EB152759AE00B2D545 /* Debug */ = {
			isa = XCBuildConfiguration;
			buildSettings = {
				GCC_PRECOMPILE_PREFIX_HEADER = YES;
				GCC_PREFIX_HEADER = "CustomTabBarController/CustomTabBarController-Prefix.pch";
				INFOPLIST_FILE = "CustomTabBarController/CustomTabBarController-Info.plist";
				PRODUCT_NAME = "$(TARGET_NAME)";
				WRAPPER_EXTENSION = app;
			};
			name = Debug;
		};
		F37C89EC152759AE00B2D545 /* Release */ = {
			isa = XCBuildConfiguration;
			buildSettings = {
				GCC_PRECOMPILE_PREFIX_HEADER = YES;
				GCC_PREFIX_HEADER = "CustomTabBarController/CustomTabBarController-Prefix.pch";
				INFOPLIST_FILE = "CustomTabBarController/CustomTabBarController-Info.plist";
				PRODUCT_NAME = "$(TARGET_NAME)";
				WRAPPER_EXTENSION = app;
			};
			name = Release;
		};
/* End XCBuildConfiguration section */

/* Begin XCConfigurationList section */
		F37C89C6152759AE00B2D545 /* Build configuration list for PBXProject "CustomTabBarController" */ = {
			isa = XCConfigurationList;
			buildConfigurations = (
				F37C89E8152759AE00B2D545 /* Debug */,
				F37C89E9152759AE00B2D545 /* Release */,
			);
			defaultConfigurationIsVisible = 0;
			defaultConfigurationName = Release;
		};
		F37C89EA152759AE00B2D545 /* Build configuration list for PBXNativeTarget "CustomTabBarController" */ = {
			isa = XCConfigurationList;
			buildConfigurations = (
				F37C89EB152759AE00B2D545 /* Debug */,
				F37C89EC152759AE00B2D545 /* Release */,
			);
			defaultConfigurationIsVisible = 0;
		};
/* End XCConfigurationList section */
	};
	rootObject = F37C89C3152759AE00B2D545 /* Project object */;
}
